version: 2.0
shards:
  bindata:
    git: https://github.com/spider-gazelle/bindata.git
    version: 2.1.0

  commander:
    git: https://github.com/mrrooijen/commander.git
    version: 0.4.0

  db:
    git: https://github.com/crystal-lang/crystal-db.git
    version: 0.13.1

  jwt:
    git: https://github.com/crystal-community/jwt.git
    version: 1.6.1

  openssl_ext:
    git: https://github.com/spider-gazelle/openssl_ext.git
    version: 2.4.4

  pg:
    git: https://github.com/17dec/crystal-pg.git
    version: 0.29.0+git.commit.cc94cc4ee349e4be905fae0d8db1b002369be69b

  poncho:
    git: https://github.com/icyleaf/poncho.git
    version: 0.4.1+git.commit.c6412131aeb8a309c8e771a3ee6fa5f7536cb427

