
Microsoft Visual Studio Solution File, Format Version 12.00
# Visual Studio Version 17
VisualStudioVersion = 17.0.32112.339
MinimumVisualStudioVersion = 10.0.40219.1
Project("{2150E333-8FDC-42A3-9474-1A3956D46DE8}") = "root", "root", "{0B5097C0-5CAC-4F4E-AED6-38D3EE654800}"
	ProjectSection(SolutionItems) = preProject
		.editorconfig = .editorconfig
		.gitignore = .gitignore
		appsettings.Shared.json = appsettings.Shared.json
		package.json = package.json
		README.md = README.md
	EndProjectSection
EndProject
Project("{2150E333-8FDC-42A3-9474-1A3956D46DE8}") = "test", "test", "{0F9D76F5-0FF7-4CC9-82BB-C1E18E218F83}"
EndProject
Project("{9A19103F-16F7-4668-BE54-9A1E7A4F7556}") = "nscreg.Utilities", "src\nscreg.Utilities\nscreg.Utilities.csproj", "{B3CD0D99-42DF-46B5-A70E-5AF687279AEA}"
EndProject
Project("{9A19103F-16F7-4668-BE54-9A1E7A4F7556}") = "nscreg.Data", "src\nscreg.Data\nscreg.Data.csproj", "{9841589F-27B3-4FD3-8330-0B8DB3AA6347}"
EndProject
Project("{9A19103F-16F7-4668-BE54-9A1E7A4F7556}") = "nscreg.ModelGeneration", "src\nscreg.ModelGeneration\nscreg.ModelGeneration.csproj", "{F553E48B-28F6-40A3-9AA8-CA3683BAEF5D}"
EndProject
Project("{9A19103F-16F7-4668-BE54-9A1E7A4F7556}") = "nscreg.Resources", "src\nscreg.Resources\nscreg.Resources.csproj", "{A7DC91D6-98F5-41B1-A552-43C70A601CC4}"
EndProject
Project("{9A19103F-16F7-4668-BE54-9A1E7A4F7556}") = "nscreg.Server.Common", "src\nscreg.Server.Common\nscreg.Server.Common.csproj", "{225E447E-DD27-4C9B-B73F-130C5B8A71AC}"
EndProject
Project("{9A19103F-16F7-4668-BE54-9A1E7A4F7556}") = "nscreg.Server", "src\nscreg.Server\nscreg.Server.csproj", "{4A28C5B4-B990-47FA-901F-1DF523BFC27C}"
EndProject
Project("{9A19103F-16F7-4668-BE54-9A1E7A4F7556}") = "nscreg.Server.Test", "test\nscreg.Server.Test\nscreg.Server.Test.csproj", "{25FA4CBE-95DF-4520-8DD2-27AB0C43736B}"
EndProject
Project("{9A19103F-16F7-4668-BE54-9A1E7A4F7556}") = "nscreg.TestUtils", "test\nscreg.TestUtils\nscreg.TestUtils.csproj", "{248683EB-A2D9-4A49-93D8-72478BAA08AE}"
EndProject
Project("{9A19103F-16F7-4668-BE54-9A1E7A4F7556}") = "nscreg.TestUtils.Test", "test\nscreg.TestUtils.Test\nscreg.TestUtils.Test.csproj", "{18920ECC-4458-49C5-9F8F-18A25B5BF490}"
EndProject
Project("{9A19103F-16F7-4668-BE54-9A1E7A4F7556}") = "nscreg.Server.TestUI", "test\nscreg.Server.TestUI\nscreg.Server.TestUI.csproj", "{E5BB705D-1483-46A2-AC42-606A2D5E6BB4}"
EndProject
Project("{2150E333-8FDC-42A3-9474-1A3956D46DE8}") = "src", "src", "{8D52F68E-704B-4306-8D52-DD0709EEEE9A}"
EndProject
Project("{9A19103F-16F7-4668-BE54-9A1E7A4F7556}") = "nscreg.Business", "src\nscreg.Business\nscreg.Business.csproj", "{CC69CD2D-2C4B-4197-B965-4C1A72756AEE}"
EndProject
Project("{9A19103F-16F7-4668-BE54-9A1E7A4F7556}") = "nscreg.Business.Test", "test\nscreg.Business.Test\nscreg.Business.Test.csproj", "{E93DE172-F675-4814-8591-91C09DDE0303}"
EndProject
Project("{9A19103F-16F7-4668-BE54-9A1E7A4F7556}") = "nscreg.Services.Test", "test\nscreg.Services.Test\nscreg.Services.Test.csproj", "{7619E9B6-6968-417D-A1CB-BFB4232A2CD7}"
EndProject
Project("{2150E333-8FDC-42A3-9474-1A3956D46DE8}") = "tools", "tools", "{2F80E121-035F-4395-992C-4C962F13CDE3}"
	ProjectSection(SolutionItems) = preProject
		tools\cssstub.js = tools\cssstub.js
		tools\manageIIS.ps1 = tools\manageIIS.ps1
		tools\manageSvc.ps1 = tools\manageSvc.ps1
		tools\remoteUnzip.ps1 = tools\remoteUnzip.ps1
		tools\run.js = tools\run.js
		tools\webpack.config.js = tools\webpack.config.js
	EndProjectSection
EndProject
Project("{9A19103F-16F7-4668-BE54-9A1E7A4F7556}") = "Services", "Services\Services.csproj", "{D3E435A9-6A0A-45EB-87B8-0A1DE05691A3}"
EndProject
Global
	GlobalSection(SolutionConfigurationPlatforms) = preSolution
		Debug|Any CPU = Debug|Any CPU
		DebugLocal|Any CPU = DebugLocal|Any CPU
		Release|Any CPU = Release|Any CPU
	EndGlobalSection
	GlobalSection(ProjectConfigurationPlatforms) = postSolution
		{B3CD0D99-42DF-46B5-A70E-5AF687279AEA}.Debug|Any CPU.ActiveCfg = Debug|Any CPU
		{B3CD0D99-42DF-46B5-A70E-5AF687279AEA}.Debug|Any CPU.Build.0 = Debug|Any CPU
		{B3CD0D99-42DF-46B5-A70E-5AF687279AEA}.DebugLocal|Any CPU.ActiveCfg = Debug|Any CPU
		{B3CD0D99-42DF-46B5-A70E-5AF687279AEA}.DebugLocal|Any CPU.Build.0 = Debug|Any CPU
		{B3CD0D99-42DF-46B5-A70E-5AF687279AEA}.Release|Any CPU.ActiveCfg = Release|Any CPU
		{B3CD0D99-42DF-46B5-A70E-5AF687279AEA}.Release|Any CPU.Build.0 = Release|Any CPU
		{9841589F-27B3-4FD3-8330-0B8DB3AA6347}.Debug|Any CPU.ActiveCfg = Debug|Any CPU
		{9841589F-27B3-4FD3-8330-0B8DB3AA6347}.Debug|Any CPU.Build.0 = Debug|Any CPU
		{9841589F-27B3-4FD3-8330-0B8DB3AA6347}.DebugLocal|Any CPU.ActiveCfg = Debug|Any CPU
		{9841589F-27B3-4FD3-8330-0B8DB3AA6347}.DebugLocal|Any CPU.Build.0 = Debug|Any CPU
		{9841589F-27B3-4FD3-8330-0B8DB3AA6347}.Release|Any CPU.ActiveCfg = Release|Any CPU
		{9841589F-27B3-4FD3-8330-0B8DB3AA6347}.Release|Any CPU.Build.0 = Release|Any CPU
		{F553E48B-28F6-40A3-9AA8-CA3683BAEF5D}.Debug|Any CPU.ActiveCfg = Debug|Any CPU
		{F553E48B-28F6-40A3-9AA8-CA3683BAEF5D}.Debug|Any CPU.Build.0 = Debug|Any CPU
		{F553E48B-28F6-40A3-9AA8-CA3683BAEF5D}.DebugLocal|Any CPU.ActiveCfg = Debug|Any CPU
		{F553E48B-28F6-40A3-9AA8-CA3683BAEF5D}.DebugLocal|Any CPU.Build.0 = Debug|Any CPU
		{F553E48B-28F6-40A3-9AA8-CA3683BAEF5D}.Release|Any CPU.ActiveCfg = Release|Any CPU
		{F553E48B-28F6-40A3-9AA8-CA3683BAEF5D}.Release|Any CPU.Build.0 = Release|Any CPU
		{A7DC91D6-98F5-41B1-A552-43C70A601CC4}.Debug|Any CPU.ActiveCfg = Debug|Any CPU
		{A7DC91D6-98F5-41B1-A552-43C70A601CC4}.Debug|Any CPU.Build.0 = Debug|Any CPU
		{A7DC91D6-98F5-41B1-A552-43C70A601CC4}.DebugLocal|Any CPU.ActiveCfg = Debug|Any CPU
		{A7DC91D6-98F5-41B1-A552-43C70A601CC4}.DebugLocal|Any CPU.Build.0 = Debug|Any CPU
		{A7DC91D6-98F5-41B1-A552-43C70A601CC4}.Release|Any CPU.ActiveCfg = Release|Any CPU
		{A7DC91D6-98F5-41B1-A552-43C70A601CC4}.Release|Any CPU.Build.0 = Release|Any CPU
		{225E447E-DD27-4C9B-B73F-130C5B8A71AC}.Debug|Any CPU.ActiveCfg = Debug|Any CPU
		{225E447E-DD27-4C9B-B73F-130C5B8A71AC}.Debug|Any CPU.Build.0 = Debug|Any CPU
		{225E447E-DD27-4C9B-B73F-130C5B8A71AC}.DebugLocal|Any CPU.ActiveCfg = Debug|Any CPU
		{225E447E-DD27-4C9B-B73F-130C5B8A71AC}.DebugLocal|Any CPU.Build.0 = Debug|Any CPU
		{225E447E-DD27-4C9B-B73F-130C5B8A71AC}.Release|Any CPU.ActiveCfg = Release|Any CPU
		{225E447E-DD27-4C9B-B73F-130C5B8A71AC}.Release|Any CPU.Build.0 = Release|Any CPU
		{4A28C5B4-B990-47FA-901F-1DF523BFC27C}.Debug|Any CPU.ActiveCfg = Debug|Any CPU
		{4A28C5B4-B990-47FA-901F-1DF523BFC27C}.Debug|Any CPU.Build.0 = Debug|Any CPU
		{4A28C5B4-B990-47FA-901F-1DF523BFC27C}.DebugLocal|Any CPU.ActiveCfg = Debug|Any CPU
		{4A28C5B4-B990-47FA-901F-1DF523BFC27C}.DebugLocal|Any CPU.Build.0 = Debug|Any CPU
		{4A28C5B4-B990-47FA-901F-1DF523BFC27C}.Release|Any CPU.ActiveCfg = Release|Any CPU
		{4A28C5B4-B990-47FA-901F-1DF523BFC27C}.Release|Any CPU.Build.0 = Release|Any CPU
		{25FA4CBE-95DF-4520-8DD2-27AB0C43736B}.Debug|Any CPU.ActiveCfg = Debug|Any CPU
		{25FA4CBE-95DF-4520-8DD2-27AB0C43736B}.Debug|Any CPU.Build.0 = Debug|Any CPU
		{25FA4CBE-95DF-4520-8DD2-27AB0C43736B}.DebugLocal|Any CPU.ActiveCfg = Debug|Any CPU
		{25FA4CBE-95DF-4520-8DD2-27AB0C43736B}.DebugLocal|Any CPU.Build.0 = Debug|Any CPU
		{25FA4CBE-95DF-4520-8DD2-27AB0C43736B}.Release|Any CPU.ActiveCfg = Release|Any CPU
		{25FA4CBE-95DF-4520-8DD2-27AB0C43736B}.Release|Any CPU.Build.0 = Release|Any CPU
		{248683EB-A2D9-4A49-93D8-72478BAA08AE}.Debug|Any CPU.ActiveCfg = Debug|Any CPU
		{248683EB-A2D9-4A49-93D8-72478BAA08AE}.Debug|Any CPU.Build.0 = Debug|Any CPU
		{248683EB-A2D9-4A49-93D8-72478BAA08AE}.DebugLocal|Any CPU.ActiveCfg = Debug|Any CPU
		{248683EB-A2D9-4A49-93D8-72478BAA08AE}.DebugLocal|Any CPU.Build.0 = Debug|Any CPU
		{248683EB-A2D9-4A49-93D8-72478BAA08AE}.Release|Any CPU.ActiveCfg = Release|Any CPU
		{248683EB-A2D9-4A49-93D8-72478BAA08AE}.Release|Any CPU.Build.0 = Release|Any CPU
		{18920ECC-4458-49C5-9F8F-18A25B5BF490}.Debug|Any CPU.ActiveCfg = Debug|Any CPU
		{18920ECC-4458-49C5-9F8F-18A25B5BF490}.Debug|Any CPU.Build.0 = Debug|Any CPU
		{18920ECC-4458-49C5-9F8F-18A25B5BF490}.DebugLocal|Any CPU.ActiveCfg = Debug|Any CPU
		{18920ECC-4458-49C5-9F8F-18A25B5BF490}.DebugLocal|Any CPU.Build.0 = Debug|Any CPU
		{18920ECC-4458-49C5-9F8F-18A25B5BF490}.Release|Any CPU.ActiveCfg = Release|Any CPU
		{18920ECC-4458-49C5-9F8F-18A25B5BF490}.Release|Any CPU.Build.0 = Release|Any CPU
		{E5BB705D-1483-46A2-AC42-606A2D5E6BB4}.Debug|Any CPU.ActiveCfg = Debug|Any CPU
		{E5BB705D-1483-46A2-AC42-606A2D5E6BB4}.Debug|Any CPU.Build.0 = Debug|Any CPU
		{E5BB705D-1483-46A2-AC42-606A2D5E6BB4}.DebugLocal|Any CPU.ActiveCfg = Debug|Any CPU
		{E5BB705D-1483-46A2-AC42-606A2D5E6BB4}.DebugLocal|Any CPU.Build.0 = Debug|Any CPU
		{E5BB705D-1483-46A2-AC42-606A2D5E6BB4}.Release|Any CPU.ActiveCfg = Release|Any CPU
		{E5BB705D-1483-46A2-AC42-606A2D5E6BB4}.Release|Any CPU.Build.0 = Release|Any CPU
		{CC69CD2D-2C4B-4197-B965-4C1A72756AEE}.Debug|Any CPU.ActiveCfg = Debug|Any CPU
		{CC69CD2D-2C4B-4197-B965-4C1A72756AEE}.Debug|Any CPU.Build.0 = Debug|Any CPU
		{CC69CD2D-2C4B-4197-B965-4C1A72756AEE}.DebugLocal|Any CPU.ActiveCfg = Debug|Any CPU
		{CC69CD2D-2C4B-4197-B965-4C1A72756AEE}.DebugLocal|Any CPU.Build.0 = Debug|Any CPU
		{CC69CD2D-2C4B-4197-B965-4C1A72756AEE}.Release|Any CPU.ActiveCfg = Release|Any CPU
		{CC69CD2D-2C4B-4197-B965-4C1A72756AEE}.Release|Any CPU.Build.0 = Release|Any CPU
		{E93DE172-F675-4814-8591-91C09DDE0303}.Debug|Any CPU.ActiveCfg = Debug|Any CPU
		{E93DE172-F675-4814-8591-91C09DDE0303}.Debug|Any CPU.Build.0 = Debug|Any CPU
		{E93DE172-F675-4814-8591-91C09DDE0303}.DebugLocal|Any CPU.ActiveCfg = Debug|Any CPU
		{E93DE172-F675-4814-8591-91C09DDE0303}.DebugLocal|Any CPU.Build.0 = Debug|Any CPU
		{E93DE172-F675-4814-8591-91C09DDE0303}.Release|Any CPU.ActiveCfg = Release|Any CPU
		{E93DE172-F675-4814-8591-91C09DDE0303}.Release|Any CPU.Build.0 = Release|Any CPU
		{7619E9B6-6968-417D-A1CB-BFB4232A2CD7}.Debug|Any CPU.ActiveCfg = Debug|Any CPU
		{7619E9B6-6968-417D-A1CB-BFB4232A2CD7}.Debug|Any CPU.Build.0 = Debug|Any CPU
		{7619E9B6-6968-417D-A1CB-BFB4232A2CD7}.DebugLocal|Any CPU.ActiveCfg = Debug|Any CPU
		{7619E9B6-6968-417D-A1CB-BFB4232A2CD7}.DebugLocal|Any CPU.Build.0 = Debug|Any CPU
		{7619E9B6-6968-417D-A1CB-BFB4232A2CD7}.Release|Any CPU.ActiveCfg = Release|Any CPU
		{7619E9B6-6968-417D-A1CB-BFB4232A2CD7}.Release|Any CPU.Build.0 = Release|Any CPU
		{D3E435A9-6A0A-45EB-87B8-0A1DE05691A3}.Debug|Any CPU.ActiveCfg = Debug|Any CPU
		{D3E435A9-6A0A-45EB-87B8-0A1DE05691A3}.Debug|Any CPU.Build.0 = Debug|Any CPU
		{D3E435A9-6A0A-45EB-87B8-0A1DE05691A3}.DebugLocal|Any CPU.ActiveCfg = Debug|Any CPU
		{D3E435A9-6A0A-45EB-87B8-0A1DE05691A3}.DebugLocal|Any CPU.Build.0 = Debug|Any CPU
		{D3E435A9-6A0A-45EB-87B8-0A1DE05691A3}.Release|Any CPU.ActiveCfg = Release|Any CPU
		{D3E435A9-6A0A-45EB-87B8-0A1DE05691A3}.Release|Any CPU.Build.0 = Release|Any CPU
		{69BD70A8-A9C6-4B51-BEBB-1ABBDF324FFF}.Debug|Any CPU.ActiveCfg = Debug|Any CPU
		{69BD70A8-A9C6-4B51-BEBB-1ABBDF324FFF}.Debug|Any CPU.Build.0 = Debug|Any CPU
		{69BD70A8-A9C6-4B51-BEBB-1ABBDF324FFF}.DebugLocal|Any CPU.ActiveCfg = Debug|Any CPU
		{69BD70A8-A9C6-4B51-BEBB-1ABBDF324FFF}.DebugLocal|Any CPU.Build.0 = Debug|Any CPU
		{69BD70A8-A9C6-4B51-BEBB-1ABBDF324FFF}.Release|Any CPU.ActiveCfg = Release|Any CPU
		{69BD70A8-A9C6-4B51-BEBB-1ABBDF324FFF}.Release|Any CPU.Build.0 = Release|Any CPU
	EndGlobalSection
	GlobalSection(SolutionProperties) = preSolution
		HideSolutionNode = FALSE
	EndGlobalSection
	GlobalSection(NestedProjects) = preSolution
		{B3CD0D99-42DF-46B5-A70E-5AF687279AEA} = {8D52F68E-704B-4306-8D52-DD0709EEEE9A}
		{9841589F-27B3-4FD3-8330-0B8DB3AA6347} = {8D52F68E-704B-4306-8D52-DD0709EEEE9A}
		{F553E48B-28F6-40A3-9AA8-CA3683BAEF5D} = {8D52F68E-704B-4306-8D52-DD0709EEEE9A}
		{A7DC91D6-98F5-41B1-A552-43C70A601CC4} = {8D52F68E-704B-4306-8D52-DD0709EEEE9A}
		{225E447E-DD27-4C9B-B73F-130C5B8A71AC} = {8D52F68E-704B-4306-8D52-DD0709EEEE9A}
		{4A28C5B4-B990-47FA-901F-1DF523BFC27C} = {8D52F68E-704B-4306-8D52-DD0709EEEE9A}
		{25FA4CBE-95DF-4520-8DD2-27AB0C43736B} = {0F9D76F5-0FF7-4CC9-82BB-C1E18E218F83}
		{248683EB-A2D9-4A49-93D8-72478BAA08AE} = {0F9D76F5-0FF7-4CC9-82BB-C1E18E218F83}
		{18920ECC-4458-49C5-9F8F-18A25B5BF490} = {0F9D76F5-0FF7-4CC9-82BB-C1E18E218F83}
		{E5BB705D-1483-46A2-AC42-606A2D5E6BB4} = {0F9D76F5-0FF7-4CC9-82BB-C1E18E218F83}
		{CC69CD2D-2C4B-4197-B965-4C1A72756AEE} = {8D52F68E-704B-4306-8D52-DD0709EEEE9A}
		{E93DE172-F675-4814-8591-91C09DDE0303} = {0F9D76F5-0FF7-4CC9-82BB-C1E18E218F83}
		{7619E9B6-6968-417D-A1CB-BFB4232A2CD7} = {0F9D76F5-0FF7-4CC9-82BB-C1E18E218F83}
		{D3E435A9-6A0A-45EB-87B8-0A1DE05691A3} = {8D52F68E-704B-4306-8D52-DD0709EEEE9A}
	EndGlobalSection
	GlobalSection(ExtensibilityGlobals) = postSolution
		SolutionGuid = {47D844A4-3677-4448-89A5-03FAA247F022}
	EndGlobalSection
EndGlobal
